// !$*UTF8*$!
{
	archiveVersion = 1;
	classes = {
	};
	objectVersion = 50;
	objects = {

/* Begin PBXBuildFile section */
		0E230A5621AC4FF200F3D69D /* Store.cpp in Sources */ = {isa = PBXBuildFile; fileRef = 0E230A5521AC4FF200F3D69D /* Store.cpp */; };
		0EBB48A62199D81500D9F3AE /* main.cpp in Sources */ = {isa = PBXBuildFile; fileRef = 0EBB48A52199D81500D9F3AE /* main.cpp */; };
		0EBD792C21AC4B0C00AB60EA /* MiddleMan.cpp in Sources */ = {isa = PBXBuildFile; fileRef = 0EBD792B21AC4B0C00AB60EA /* MiddleMan.cpp */; };
		0EBD792E21AC4C1600AB60EA /* Receipt.cpp in Sources */ = {isa = PBXBuildFile; fileRef = 0EBD792D21AC4C1600AB60EA /* Receipt.cpp */; };
		0EBD793021AC4CF800AB60EA /* OrderSheet.cpp in Sources */ = {isa = PBXBuildFile; fileRef = 0EBD792F21AC4CF800AB60EA /* OrderSheet.cpp */; };
		0EBD793221AC4D4B00AB60EA /* Time.cpp in Sources */ = {isa = PBXBuildFile; fileRef = 0EBD793121AC4D4B00AB60EA /* Time.cpp */; };
		0EBD793421AC4DD500AB60EA /* ShoppingBasket.cpp in Sources */ = {isa = PBXBuildFile; fileRef = 0EBD793321AC4DD500AB60EA /* ShoppingBasket.cpp */; };
		0EBD793621AC4E4800AB60EA /* Item.cpp in Sources */ = {isa = PBXBuildFile; fileRef = 0EBD793521AC4E4800AB60EA /* Item.cpp */; };
/* End PBXBuildFile section */

/* Begin PBXCopyFilesBuildPhase section */
		0EBB48A02199D81500D9F3AE /* CopyFiles */ = {
			isa = PBXCopyFilesBuildPhase;
			buildActionMask = 2147483647;
			dstPath = /usr/share/man/man1/;
			dstSubfolderSpec = 0;
			files = (
			);
			runOnlyForDeploymentPostprocessing = 1;
		};
/* End PBXCopyFilesBuildPhase section */

/* Begin PBXFileReference section */
		0E230A5521AC4FF200F3D69D /* Store.cpp */ = {isa = PBXFileReference; lastKnownFileType = sourcecode.cpp.cpp; path = Store.cpp; sourceTree = "<group>"; };
		0EBB48A22199D81500D9F3AE /* ReserveSystem */ = {isa = PBXFileReference; explicitFileType = "compiled.mach-o.executable"; includeInIndex = 0; path = ReserveSystem; sourceTree = BUILT_PRODUCTS_DIR; };
		0EBB48A52199D81500D9F3AE /* main.cpp */ = {isa = PBXFileReference; lastKnownFileType = sourcecode.cpp.cpp; path = main.cpp; sourceTree = "<group>"; };
		0EBD792921AC47F500AB60EA /* main.h */ = {isa = PBXFileReference; lastKnownFileType = sourcecode.c.h; path = main.h; sourceTree = "<group>"; };
		0EBD792A21AC4A1E00AB60EA /* MessageSystem.h */ = {isa = PBXFileReference; lastKnownFileType = sourcecode.c.h; path = MessageSystem.h; sourceTree = "<group>"; };
		0EBD792B21AC4B0C00AB60EA /* MiddleMan.cpp */ = {isa = PBXFileReference; lastKnownFileType = sourcecode.cpp.cpp; path = MiddleMan.cpp; sourceTree = "<group>"; };
		0EBD792D21AC4C1600AB60EA /* Receipt.cpp */ = {isa = PBXFileReference; lastKnownFileType = sourcecode.cpp.cpp; path = Receipt.cpp; sourceTree = "<group>"; };
		0EBD792F21AC4CF800AB60EA /* OrderSheet.cpp */ = {isa = PBXFileReference; lastKnownFileType = sourcecode.cpp.cpp; path = OrderSheet.cpp; sourceTree = "<group>"; };
		0EBD793121AC4D4B00AB60EA /* Time.cpp */ = {isa = PBXFileReference; lastKnownFileType = sourcecode.cpp.cpp; path = Time.cpp; sourceTree = "<group>"; };
		0EBD793321AC4DD500AB60EA /* ShoppingBasket.cpp */ = {isa = PBXFileReference; lastKnownFileType = sourcecode.cpp.cpp; path = ShoppingBasket.cpp; sourceTree = "<group>"; };
		0EBD793521AC4E4800AB60EA /* Item.cpp */ = {isa = PBXFileReference; lastKnownFileType = sourcecode.cpp.cpp; path = Item.cpp; sourceTree = "<group>"; };
		0EBE086921A5478C00C839D9 /* VirtualItem.h */ = {isa = PBXFileReference; lastKnownFileType = sourcecode.c.h; path = VirtualItem.h; sourceTree = "<group>"; };
		0EBE086A21A547A400C839D9 /* OrderGroup.h */ = {isa = PBXFileReference; lastKnownFileType = sourcecode.c.h; path = OrderGroup.h; sourceTree = "<group>"; };
		0EBE086B21A547CB00C839D9 /* PathDef.h */ = {isa = PBXFileReference; lastKnownFileType = sourcecode.c.h; path = PathDef.h; sourceTree = "<group>"; };
		0EBE086C21A5480500C839D9 /* Item.h */ = {isa = PBXFileReference; lastKnownFileType = sourcecode.c.h; path = Item.h; sourceTree = "<group>"; };
		0EBE086D21A5482B00C839D9 /* ShoppingBasket.h */ = {isa = PBXFileReference; lastKnownFileType = sourcecode.c.h; path = ShoppingBasket.h; sourceTree = "<group>"; };
		0EBE086E21A5484A00C839D9 /* Store.h */ = {isa = PBXFileReference; lastKnownFileType = sourcecode.c.h; path = Store.h; sourceTree = "<group>"; };
		0EBE086F21A5486F00C839D9 /* Time.h */ = {isa = PBXFileReference; lastKnownFileType = sourcecode.c.h; path = Time.h; sourceTree = "<group>"; };
		0EBE087021A548F100C839D9 /* POS.h */ = {isa = PBXFileReference; lastKnownFileType = sourcecode.c.h; path = POS.h; sourceTree = "<group>"; };
		0EBE087121A5491B00C839D9 /* OrderSheet.h */ = {isa = PBXFileReference; lastKnownFileType = sourcecode.c.h; path = OrderSheet.h; sourceTree = "<group>"; };
		0EBE087221A5496300C839D9 /* Receipt.h */ = {isa = PBXFileReference; lastKnownFileType = sourcecode.c.h; path = Receipt.h; sourceTree = "<group>"; };
		0EBE087321A549CB00C839D9 /* MiddleMan.h */ = {isa = PBXFileReference; lastKnownFileType = sourcecode.c.h; path = MiddleMan.h; sourceTree = "<group>"; };
/* End PBXFileReference section */

/* Begin PBXFrameworksBuildPhase section */
		0EBB489F2199D81500D9F3AE /* Frameworks */ = {
			isa = PBXFrameworksBuildPhase;
			buildActionMask = 2147483647;
			files = (
			);
			runOnlyForDeploymentPostprocessing = 0;
		};
/* End PBXFrameworksBuildPhase section */

/* Begin PBXGroup section */
		0EBB48992199D81500D9F3AE = {
			isa = PBXGroup;
			children = (
				0EBB48A42199D81500D9F3AE /* ReserveSystem */,
				0EBB48A32199D81500D9F3AE /* Products */,
			);
			sourceTree = "<group>";
		};
		0EBB48A32199D81500D9F3AE /* Products */ = {
			isa = PBXGroup;
			children = (
				0EBB48A22199D81500D9F3AE /* ReserveSystem */,
			);
			name = Products;
			sourceTree = "<group>";
		};
		0EBB48A42199D81500D9F3AE /* ReserveSystem */ = {
			isa = PBXGroup;
			children = (
				0EBB48A52199D81500D9F3AE /* main.cpp */,
				0EBD792A21AC4A1E00AB60EA /* MessageSystem.h */,
				0EBD792921AC47F500AB60EA /* main.h */,
				0EBE087321A549CB00C839D9 /* MiddleMan.h */,
				0EBD792B21AC4B0C00AB60EA /* MiddleMan.cpp */,
				0EBE087221A5496300C839D9 /* Receipt.h */,
				0EBD792D21AC4C1600AB60EA /* Receipt.cpp */,
				0EBE087121A5491B00C839D9 /* OrderSheet.h */,
				0EBD792F21AC4CF800AB60EA /* OrderSheet.cpp */,
				0EBE087021A548F100C839D9 /* POS.h */,
				0EBE086F21A5486F00C839D9 /* Time.h */,
				0EBD793121AC4D4B00AB60EA /* Time.cpp */,
				0EBE086D21A5482B00C839D9 /* ShoppingBasket.h */,
				0EBD793321AC4DD500AB60EA /* ShoppingBasket.cpp */,
				0EBE086C21A5480500C839D9 /* Item.h */,
				0EBD793521AC4E4800AB60EA /* Item.cpp */,
				0EBE086B21A547CB00C839D9 /* PathDef.h */,
				0EBE086A21A547A400C839D9 /* OrderGroup.h */,
				0EBE086921A5478C00C839D9 /* VirtualItem.h */,
				0EBE086E21A5484A00C839D9 /* Store.h */,
				0E230A5521AC4FF200F3D69D /* Store.cpp */,
			);
			path = ReserveSystem;
			sourceTree = "<group>";
		};
/* End PBXGroup section */

/* Begin PBXNativeTarget section */
		0EBB48A12199D81500D9F3AE /* ReserveSystem */ = {
			isa = PBXNativeTarget;
			buildConfigurationList = 0EBB48A92199D81500D9F3AE /* Build configuration list for PBXNativeTarget "ReserveSystem" */;
			buildPhases = (
				0EBB489E2199D81500D9F3AE /* Sources */,
				0EBB489F2199D81500D9F3AE /* Frameworks */,
				0EBB48A02199D81500D9F3AE /* CopyFiles */,
			);
			buildRules = (
			);
			dependencies = (
			);
			name = ReserveSystem;
			productName = ReserveSystem;
			productReference = 0EBB48A22199D81500D9F3AE /* ReserveSystem */;
			productType = "com.apple.product-type.tool";
		};
/* End PBXNativeTarget section */

/* Begin PBXProject section */
		0EBB489A2199D81500D9F3AE /* Project object */ = {
			isa = PBXProject;
			attributes = {
				LastUpgradeCheck = 1010;
				ORGANIZATIONNAME = "HeeCheol Kim";
				TargetAttributes = {
					0EBB48A12199D81500D9F3AE = {
						CreatedOnToolsVersion = 10.1;
					};
				};
			};
			buildConfigurationList = 0EBB489D2199D81500D9F3AE /* Build configuration list for PBXProject "ReserveSystem" */;
			compatibilityVersion = "Xcode 9.3";
			developmentRegion = en;
			hasScannedForEncodings = 0;
			knownRegions = (
				en,
			);
			mainGroup = 0EBB48992199D81500D9F3AE;
			productRefGroup = 0EBB48A32199D81500D9F3AE /* Products */;
			projectDirPath = "";
			projectRoot = "";
			targets = (
				0EBB48A12199D81500D9F3AE /* ReserveSystem */,
			);
		};
/* End PBXProject section */

/* Begin PBXSourcesBuildPhase section */
		0EBB489E2199D81500D9F3AE /* Sources */ = {
			isa = PBXSourcesBuildPhase;
			buildActionMask = 2147483647;
			files = (
				0EBD793021AC4CF800AB60EA /* OrderSheet.cpp in Sources */,
				0EBB48A62199D81500D9F3AE /* main.cpp in Sources */,
				0EBD792E21AC4C1600AB60EA /* Receipt.cpp in Sources */,
				0EBD792C21AC4B0C00AB60EA /* MiddleMan.cpp in Sources */,
				0EBD793221AC4D4B00AB60EA /* Time.cpp in Sources */,
				0EBD793421AC4DD500AB60EA /* ShoppingBasket.cpp in Sources */,
				0EBD793621AC4E4800AB60EA /* Item.cpp in Sources */,
				0E230A5621AC4FF200F3D69D /* Store.cpp in Sources */,
			);
			runOnlyForDeploymentPostprocessing = 0;
		};
/* End PBXSourcesBuildPhase section */

/* Begin XCBuildConfiguration section */
		0EBB48A72199D81500D9F3AE /* Debug */ = {
			isa = XCBuildConfiguration;
			buildSettings = {
				ALWAYS_SEARCH_USER_PATHS = NO;
				CLANG_ANALYZER_NONNULL = YES;
				CLANG_ANALYZER_NUMBER_OBJECT_CONVERSION = YES_AGGRESSIVE;
				CLANG_CXX_LANGUAGE_STANDARD = "gnu++14";
				CLANG_CXX_LIBRARY = "libc++";
				CLANG_ENABLE_MODULES = YES;
				CLANG_ENABLE_OBJC_ARC = YES;
				CLANG_ENABLE_OBJC_WEAK = YES;
				CLANG_WARN_BLOCK_CAPTURE_AUTORELEASING = YES;
				CLANG_WARN_BOOL_CONVERSION = YES;
				CLANG_WARN_COMMA = YES;
				CLANG_WARN_CONSTANT_CONVERSION = YES;
				CLANG_WARN_DEPRECATED_OBJC_IMPLEMENTATIONS = YES;
				CLANG_WARN_DIRECT_OBJC_ISA_USAGE = YES_ERROR;
				CLANG_WARN_DOCUMENTATION_COMMENTS = YES;
				CLANG_WARN_EMPTY_BODY = YES;
				CLANG_WARN_ENUM_CONVERSION = YES;
				CLANG_WARN_INFINITE_RECURSION = YES;
				CLANG_WARN_INT_CONVERSION = YES;
				CLANG_WARN_NON_LITERAL_NULL_CONVERSION = YES;
				CLANG_WARN_OBJC_IMPLICIT_RETAIN_SELF = YES;
				CLANG_WARN_OBJC_LITERAL_CONVERSION = YES;
				CLANG_WARN_OBJC_ROOT_CLASS = YES_ERROR;
				CLANG_WARN_RANGE_LOOP_ANALYSIS = YES;
				CLANG_WARN_STRICT_PROTOTYPES = YES;
				CLANG_WARN_SUSPICIOUS_MOVE = YES;
				CLANG_WARN_UNGUARDED_AVAILABILITY = YES_AGGRESSIVE;
				CLANG_WARN_UNREACHABLE_CODE = YES;
				CLANG_WARN__DUPLICATE_METHOD_MATCH = YES;
				CODE_SIGN_IDENTITY = "-";
				COPY_PHASE_STRIP = NO;
				DEBUG_INFORMATION_FORMAT = dwarf;
				ENABLE_STRICT_OBJC_MSGSEND = YES;
				ENABLE_TESTABILITY = YES;
				GCC_C_LANGUAGE_STANDARD = gnu11;
				GCC_DYNAMIC_NO_PIC = NO;
				GCC_NO_COMMON_BLOCKS = YES;
				GCC_OPTIMIZATION_LEVEL = 0;
				GCC_PREPROCESSOR_DEFINITIONS = (
					"DEBUG=1",
					"$(inherited)",
				);
				GCC_WARN_64_TO_32_BIT_CONVERSION = YES;
				GCC_WARN_ABOUT_RETURN_TYPE = YES_ERROR;
				GCC_WARN_UNDECLARED_SELECTOR = YES;
				GCC_WARN_UNINITIALIZED_AUTOS = YES_AGGRESSIVE;
				GCC_WARN_UNUSED_FUNCTION = YES;
				GCC_WARN_UNUSED_VARIABLE = YES;
				MACOSX_DEPLOYMENT_TARGET = 10.14;
				MTL_ENABLE_DEBUG_INFO = INCLUDE_SOURCE;
				MTL_FAST_MATH = YES;
				ONLY_ACTIVE_ARCH = YES;
				SDKROOT = macosx;
			};
			name = Debug;
		};
		0EBB48A82199D81500D9F3AE /* Release */ = {
			isa = XCBuildConfiguration;
			buildSettings = {
				ALWAYS_SEARCH_USER_PATHS = NO;
				CLANG_ANALYZER_NONNULL = YES;
				CLANG_ANALYZER_NUMBER_OBJECT_CONVERSION = YES_AGGRESSIVE;
				CLANG_CXX_LANGUAGE_STANDARD = "gnu++14";
				CLANG_CXX_LIBRARY = "libc++";
				CLANG_ENABLE_MODULES = YES;
				CLANG_ENABLE_OBJC_ARC = YES;
				CLANG_ENABLE_OBJC_WEAK = YES;
				CLANG_WARN_BLOCK_CAPTURE_AUTORELEASING = YES;
				CLANG_WARN_BOOL_CONVERSION = YES;
				CLANG_WARN_COMMA = YES;
				CLANG_WARN_CONSTANT_CONVERSION = YES;
				CLANG_WARN_DEPRECATED_OBJC_IMPLEMENTATIONS = YES;
				CLANG_WARN_DIRECT_OBJC_ISA_USAGE = YES_ERROR;
				CLANG_WARN_DOCUMENTATION_COMMENTS = YES;
				CLANG_WARN_EMPTY_BODY = YES;
				CLANG_WARN_ENUM_CONVERSION = YES;
				CLANG_WARN_INFINITE_RECURSION = YES;
				CLANG_WARN_INT_CONVERSION = YES;
				CLANG_WARN_NON_LITERAL_NULL_CONVERSION = YES;
				CLANG_WARN_OBJC_IMPLICIT_RETAIN_SELF = YES;
				CLANG_WARN_OBJC_LITERAL_CONVERSION = YES;
				CLANG_WARN_OBJC_ROOT_CLASS = YES_ERROR;
				CLANG_WARN_RANGE_LOOP_ANALYSIS = YES;
				CLANG_WARN_STRICT_PROTOTYPES = YES;
				CLANG_WARN_SUSPICIOUS_MOVE = YES;
				CLANG_WARN_UNGUARDED_AVAILABILITY = YES_AGGRESSIVE;
				CLANG_WARN_UNREACHABLE_CODE = YES;
				CLANG_WARN__DUPLICATE_METHOD_MATCH = YES;
				CODE_SIGN_IDENTITY = "-";
				COPY_PHASE_STRIP = NO;
				DEBUG_INFORMATION_FORMAT = "dwarf-with-dsym";
				ENABLE_NS_ASSERTIONS = NO;
				ENABLE_STRICT_OBJC_MSGSEND = YES;
				GCC_C_LANGUAGE_STANDARD = gnu11;
				GCC_NO_COMMON_BLOCKS = YES;
				GCC_WARN_64_TO_32_BIT_CONVERSION = YES;
				GCC_WARN_ABOUT_RETURN_TYPE = YES_ERROR;
				GCC_WARN_UNDECLARED_SELECTOR = YES;
				GCC_WARN_UNINITIALIZED_AUTOS = YES_AGGRESSIVE;
				GCC_WARN_UNUSED_FUNCTION = YES;
				GCC_WARN_UNUSED_VARIABLE = YES;
				MACOSX_DEPLOYMENT_TARGET = 10.14;
				MTL_ENABLE_DEBUG_INFO = NO;
				MTL_FAST_MATH = YES;
				SDKROOT = macosx;
			};
			name = Release;
		};
		0EBB48AA2199D81500D9F3AE /* Debug */ = {
			isa = XCBuildConfiguration;
			buildSettings = {
				CODE_SIGN_STYLE = Automatic;
				PRODUCT_NAME = "$(TARGET_NAME)";
			};
			name = Debug;
		};
		0EBB48AB2199D81500D9F3AE /* Release */ = {
			isa = XCBuildConfiguration;
			buildSettings = {
				CODE_SIGN_STYLE = Automatic;
				PRODUCT_NAME = "$(TARGET_NAME)";
			};
			name = Release;
		};
/* End XCBuildConfiguration section */

/* Begin XCConfigurationList section */
		0EBB489D2199D81500D9F3AE /* Build configuration list for PBXProject "ReserveSystem" */ = {
			isa = XCConfigurationList;
			buildConfigurations = (
				0EBB48A72199D81500D9F3AE /* Debug */,
				0EBB48A82199D81500D9F3AE /* Release */,
			);
			defaultConfigurationIsVisible = 0;
			defaultConfigurationName = Release;
		};
		0EBB48A92199D81500D9F3AE /* Build configuration list for PBXNativeTarget "ReserveSystem" */ = {
			isa = XCConfigurationList;
			buildConfigurations = (
				0EBB48AA2199D81500D9F3AE /* Debug */,
				0EBB48AB2199D81500D9F3AE /* Release */,
			);
			defaultConfigurationIsVisible = 0;
			defaultConfigurationName = Release;
		};
/* End XCConfigurationList section */
	};
	rootObject = 0EBB489A2199D81500D9F3AE /* Project object */;
}
